
Microsoft Visual Studio Solution File, Format Version 12.00
# Visual Studio 14
VisualStudioVersion = 14.0.25420.1
MinimumVisualStudioVersion = 10.0.40219.1
Project("{159641D6-6404-4A2A-AE62-294DE0FE8301}") = "ExternalScriptExtensibility", "ExternalScriptExtensibility.dtproj", "{3DAC6AB8-8AEF-4D32-A66C-523253F81C18}"
EndProject
Global
	GlobalSection(SolutionConfigurationPlatforms) = preSolution
		Development|Default = Development|Default
	EndGlobalSection
	GlobalSection(ProjectConfigurationPlatforms) = postSolution
		{3DAC6AB8-8AEF-4D32-A66C-523253F81C18}.Development|Default.ActiveCfg = Development
		{3DAC6AB8-8AEF-4D32-A66C-523253F81C18}.Development|Default.Build.0 = Development
	EndGlobalSection
	GlobalSection(SolutionProperties) = preSolution
		HideSolutionNode = FALSE
	EndGlobalSection
EndGlobal
